
Microsoft Visual Studio Solution File, Format Version 12.00
# Visual Studio 14
VisualStudioVersion = 14.0.25420.1
MinimumVisualStudioVersion = 10.0.40219.1
Project("{2150E333-8FDC-42A3-9474-1A3956D46DE8}") = "BLL", "BLL", "{7678F468-6459-4D41-AEDF-51E4CC9727ED}"
EndProject
Project("{2150E333-8FDC-42A3-9474-1A3956D46DE8}") = "DAL", "DAL", "{3CC4A56A-5B58-4931-AA14-5DFA2DC08104}"
EndProject
Project("{2150E333-8FDC-42A3-9474-1A3956D46DE8}") = "Model", "Model", "{490DA7AC-A425-4CC8-88A4-5FAFD81DA0FC}"
EndProject
Project("{2150E333-8FDC-42A3-9474-1A3956D46DE8}") = "UI", "UI", "{0EA5619A-E073-40F5-AC70-6196C17DBB7B}"
EndProject
Project("{FAE04EC0-301F-11D3-BF4B-00C04F79EFBC}") = "DOTA2.BLL", "DOTA2.BLL\DOTA2.BLL.csproj", "{D5971DB0-3F31-4181-A160-B7C0F34422F5}"
EndProject
Project("{FAE04EC0-301F-11D3-BF4B-00C04F79EFBC}") = "DOTA2.IBLL", "DOTA2.IBLL\DOTA2.IBLL.csproj", "{1D2CDA78-FE54-4A7E-9355-C3BE33D858A6}"
EndProject
Project("{FAE04EC0-301F-11D3-BF4B-00C04F79EFBC}") = "DOTA2.BLLContainer", "DOTA2.BLLContainer\DOTA2.BLLContainer.csproj", "{5068487B-36E4-467E-A440-F0F4C6E889F7}"
EndProject
Project("{FAE04EC0-301F-11D3-BF4B-00C04F79EFBC}") = "DOTA2.DAL", "DOTA2.DAL\DOTA2.DAL.csproj", "{A23D0D75-0BFC-4B32-8F6B-149012D606C4}"
EndProject
Project("{FAE04EC0-301F-11D3-BF4B-00C04F79EFBC}") = "DOTA2.IDAL", "DOTA2.IDAL\DOTA2.IDAL.csproj", "{0EEB0912-3C72-48D7-B14C-2D9DBB841904}"
EndProject
Project("{FAE04EC0-301F-11D3-BF4B-00C04F79EFBC}") = "DOTA2.DALContainer", "DOTA2.DALContainer\DOTA2.DALContainer.csproj", "{713B85BC-615E-492D-A086-B03E677FAB13}"
EndProject
Project("{FAE04EC0-301F-11D3-BF4B-00C04F79EFBC}") = "DOTA2.Model", "DOTA2.Model\DOTA2.Model.csproj", "{29A15EB7-FD22-42E8-AF3F-AC6F9E6B0706}"
EndProject
Project("{FAE04EC0-301F-11D3-BF4B-00C04F79EFBC}") = "DOTA2.WebUI", "DOTA2.WebUI\DOTA2.WebUI.csproj", "{05633A62-A380-499A-9B23-BD148CE2268E}"
EndProject
Project("{2150E333-8FDC-42A3-9474-1A3956D46DE8}") = "Common", "Common", "{2AED0713-02A6-4A50-A717-39079CEE8BB4}"
EndProject
Project("{FAE04EC0-301F-11D3-BF4B-00C04F79EFBC}") = "Common", "Common\Common.csproj", "{D92CC44D-A07C-4A72-A24C-B1F2C16847F4}"
EndProject
Global
	GlobalSection(SolutionConfigurationPlatforms) = preSolution
		Debug|Any CPU = Debug|Any CPU
		Release|Any CPU = Release|Any CPU
	EndGlobalSection
	GlobalSection(ProjectConfigurationPlatforms) = postSolution
		{D5971DB0-3F31-4181-A160-B7C0F34422F5}.Debug|Any CPU.ActiveCfg = Debug|Any CPU
		{D5971DB0-3F31-4181-A160-B7C0F34422F5}.Debug|Any CPU.Build.0 = Debug|Any CPU
		{D5971DB0-3F31-4181-A160-B7C0F34422F5}.Release|Any CPU.ActiveCfg = Release|Any CPU
		{D5971DB0-3F31-4181-A160-B7C0F34422F5}.Release|Any CPU.Build.0 = Release|Any CPU
		{1D2CDA78-FE54-4A7E-9355-C3BE33D858A6}.Debug|Any CPU.ActiveCfg = Debug|Any CPU
		{1D2CDA78-FE54-4A7E-9355-C3BE33D858A6}.Debug|Any CPU.Build.0 = Debug|Any CPU
		{1D2CDA78-FE54-4A7E-9355-C3BE33D858A6}.Release|Any CPU.ActiveCfg = Release|Any CPU
		{1D2CDA78-FE54-4A7E-9355-C3BE33D858A6}.Release|Any CPU.Build.0 = Release|Any CPU
		{5068487B-36E4-467E-A440-F0F4C6E889F7}.Debug|Any CPU.ActiveCfg = Debug|Any CPU
		{5068487B-36E4-467E-A440-F0F4C6E889F7}.Debug|Any CPU.Build.0 = Debug|Any CPU
		{5068487B-36E4-467E-A440-F0F4C6E889F7}.Release|Any CPU.ActiveCfg = Release|Any CPU
		{5068487B-36E4-467E-A440-F0F4C6E889F7}.Release|Any CPU.Build.0 = Release|Any CPU
		{A23D0D75-0BFC-4B32-8F6B-149012D606C4}.Debug|Any CPU.ActiveCfg = Debug|Any CPU
		{A23D0D75-0BFC-4B32-8F6B-149012D606C4}.Debug|Any CPU.Build.0 = Debug|Any CPU
		{A23D0D75-0BFC-4B32-8F6B-149012D606C4}.Release|Any CPU.ActiveCfg = Release|Any CPU
		{A23D0D75-0BFC-4B32-8F6B-149012D606C4}.Release|Any CPU.Build.0 = Release|Any CPU
		{0EEB0912-3C72-48D7-B14C-2D9DBB841904}.Debug|Any CPU.ActiveCfg = Debug|Any CPU
		{0EEB0912-3C72-48D7-B14C-2D9DBB841904}.Debug|Any CPU.Build.0 = Debug|Any CPU
		{0EEB0912-3C72-48D7-B14C-2D9DBB841904}.Release|Any CPU.ActiveCfg = Release|Any CPU
		{0EEB0912-3C72-48D7-B14C-2D9DBB841904}.Release|Any CPU.Build.0 = Release|Any CPU
		{713B85BC-615E-492D-A086-B03E677FAB13}.Debug|Any CPU.ActiveCfg = Debug|Any CPU
		{713B85BC-615E-492D-A086-B03E677FAB13}.Debug|Any CPU.Build.0 = Debug|Any CPU
		{713B85BC-615E-492D-A086-B03E677FAB13}.Release|Any CPU.ActiveCfg = Release|Any CPU
		{713B85BC-615E-492D-A086-B03E677FAB13}.Release|Any CPU.Build.0 = Release|Any CPU
		{29A15EB7-FD22-42E8-AF3F-AC6F9E6B0706}.Debug|Any CPU.ActiveCfg = Debug|Any CPU
		{29A15EB7-FD22-42E8-AF3F-AC6F9E6B0706}.Debug|Any CPU.Build.0 = Debug|Any CPU
		{29A15EB7-FD22-42E8-AF3F-AC6F9E6B0706}.Release|Any CPU.ActiveCfg = Release|Any CPU
		{29A15EB7-FD22-42E8-AF3F-AC6F9E6B0706}.Release|Any CPU.Build.0 = Release|Any CPU
		{05633A62-A380-499A-9B23-BD148CE2268E}.Debug|Any CPU.ActiveCfg = Debug|Any CPU
		{05633A62-A380-499A-9B23-BD148CE2268E}.Debug|Any CPU.Build.0 = Debug|Any CPU
		{05633A62-A380-499A-9B23-BD148CE2268E}.Release|Any CPU.ActiveCfg = Release|Any CPU
		{05633A62-A380-499A-9B23-BD148CE2268E}.Release|Any CPU.Build.0 = Release|Any CPU
		{D92CC44D-A07C-4A72-A24C-B1F2C16847F4}.Debug|Any CPU.ActiveCfg = Debug|Any CPU
		{D92CC44D-A07C-4A72-A24C-B1F2C16847F4}.Debug|Any CPU.Build.0 = Debug|Any CPU
		{D92CC44D-A07C-4A72-A24C-B1F2C16847F4}.Release|Any CPU.ActiveCfg = Release|Any CPU
		{D92CC44D-A07C-4A72-A24C-B1F2C16847F4}.Release|Any CPU.Build.0 = Release|Any CPU
	EndGlobalSection
	GlobalSection(SolutionProperties) = preSolution
		HideSolutionNode = FALSE
	EndGlobalSection
	GlobalSection(NestedProjects) = preSolution
		{D5971DB0-3F31-4181-A160-B7C0F34422F5} = {7678F468-6459-4D41-AEDF-51E4CC9727ED}
		{1D2CDA78-FE54-4A7E-9355-C3BE33D858A6} = {7678F468-6459-4D41-AEDF-51E4CC9727ED}
		{5068487B-36E4-467E-A440-F0F4C6E889F7} = {7678F468-6459-4D41-AEDF-51E4CC9727ED}
		{A23D0D75-0BFC-4B32-8F6B-149012D606C4} = {3CC4A56A-5B58-4931-AA14-5DFA2DC08104}
		{0EEB0912-3C72-48D7-B14C-2D9DBB841904} = {3CC4A56A-5B58-4931-AA14-5DFA2DC08104}
		{713B85BC-615E-492D-A086-B03E677FAB13} = {3CC4A56A-5B58-4931-AA14-5DFA2DC08104}
		{29A15EB7-FD22-42E8-AF3F-AC6F9E6B0706} = {490DA7AC-A425-4CC8-88A4-5FAFD81DA0FC}
		{05633A62-A380-499A-9B23-BD148CE2268E} = {0EA5619A-E073-40F5-AC70-6196C17DBB7B}
		{D92CC44D-A07C-4A72-A24C-B1F2C16847F4} = {2AED0713-02A6-4A50-A717-39079CEE8BB4}
	EndGlobalSection
EndGlobal
